
Microsoft Visual Studio Solution File, Format Version 12.00
# Visual Studio Version 16
VisualStudioVersion = 16.0.31105.61
MinimumVisualStudioVersion = 10.0.40219.1
Project("{FAE04EC0-301F-11D3-BF4B-00C04F79EFBC}") = "MateTwo.UWP", "MateTwo\MateTwo.UWP\MateTwo.UWP.csproj", "{17E30024-8DF6-4551-9E38-D816067DF14A}"
EndProject
Project("{FAE04EC0-301F-11D3-BF4B-00C04F79EFBC}") = "MateTwo.Android", "MateTwo\MateTwo.Android\MateTwo.Android.csproj", "{AB2C7147-46FA-4D7D-867B-0ABD86BB7245}"
EndProject
Project("{FAE04EC0-301F-11D3-BF4B-00C04F79EFBC}") = "MateTwo.iOS", "MateTwo\MateTwo.iOS\MateTwo.iOS.csproj", "{55B2A156-BBD9-46A2-BD5D-DA31DD49ED19}"
EndProject
Project("{FAE04EC0-301F-11D3-BF4B-00C04F79EFBC}") = "MateTwo", "MateTwo\MateTwo\MateTwo.csproj", "{A88F8315-57C4-426A-B908-DF8F73CB14E0}"
EndProject
Global
	GlobalSection(SolutionConfigurationPlatforms) = preSolution
		Debug|Any CPU = Debug|Any CPU
		Debug|ARM = Debug|ARM
		Debug|iPhone = Debug|iPhone
		Debug|iPhoneSimulator = Debug|iPhoneSimulator
		Debug|x64 = Debug|x64
		Debug|x86 = Debug|x86
		Release|Any CPU = Release|Any CPU
		Release|ARM = Release|ARM
		Release|iPhone = Release|iPhone
		Release|iPhoneSimulator = Release|iPhoneSimulator
		Release|x64 = Release|x64
		Release|x86 = Release|x86
	EndGlobalSection
	GlobalSection(ProjectConfigurationPlatforms) = postSolution
		{17E30024-8DF6-4551-9E38-D816067DF14A}.Debug|Any CPU.ActiveCfg = Debug|x86
		{17E30024-8DF6-4551-9E38-D816067DF14A}.Debug|Any CPU.Build.0 = Debug|x86
		{17E30024-8DF6-4551-9E38-D816067DF14A}.Debug|Any CPU.Deploy.0 = Debug|x86
		{17E30024-8DF6-4551-9E38-D816067DF14A}.Debug|ARM.ActiveCfg = Debug|ARM
		{17E30024-8DF6-4551-9E38-D816067DF14A}.Debug|ARM.Build.0 = Debug|ARM
		{17E30024-8DF6-4551-9E38-D816067DF14A}.Debug|ARM.Deploy.0 = Debug|ARM
		{17E30024-8DF6-4551-9E38-D816067DF14A}.Debug|iPhone.ActiveCfg = Debug|x86
		{17E30024-8DF6-4551-9E38-D816067DF14A}.Debug|iPhone.Build.0 = Debug|x86
		{17E30024-8DF6-4551-9E38-D816067DF14A}.Debug|iPhone.Deploy.0 = Debug|x86
		{17E30024-8DF6-4551-9E38-D816067DF14A}.Debug|iPhoneSimulator.ActiveCfg = Debug|x86
		{17E30024-8DF6-4551-9E38-D816067DF14A}.Debug|iPhoneSimulator.Build.0 = Debug|x86
		{17E30024-8DF6-4551-9E38-D816067DF14A}.Debug|iPhoneSimulator.Deploy.0 = Debug|x86
		{17E30024-8DF6-4551-9E38-D816067DF14A}.Debug|x64.ActiveCfg = Debug|x64
		{17E30024-8DF6-4551-9E38-D816067DF14A}.Debug|x64.Build.0 = Debug|x64
		{17E30024-8DF6-4551-9E38-D816067DF14A}.Debug|x64.Deploy.0 = Debug|x64
		{17E30024-8DF6-4551-9E38-D816067DF14A}.Debug|x86.ActiveCfg = Debug|x86
		{17E30024-8DF6-4551-9E38-D816067DF14A}.Debug|x86.Build.0 = Debug|x86
		{17E30024-8DF6-4551-9E38-D816067DF14A}.Debug|x86.Deploy.0 = Debug|x86
		{17E30024-8DF6-4551-9E38-D816067DF14A}.Release|Any CPU.ActiveCfg = Release|x86
		{17E30024-8DF6-4551-9E38-D816067DF14A}.Release|Any CPU.Build.0 = Release|x86
		{17E30024-8DF6-4551-9E38-D816067DF14A}.Release|Any CPU.Deploy.0 = Release|x86
		{17E30024-8DF6-4551-9E38-D816067DF14A}.Release|ARM.ActiveCfg = Release|ARM
		{17E30024-8DF6-4551-9E38-D816067DF14A}.Release|ARM.Build.0 = Release|ARM
		{17E30024-8DF6-4551-9E38-D816067DF14A}.Release|ARM.Deploy.0 = Release|ARM
		{17E30024-8DF6-4551-9E38-D816067DF14A}.Release|iPhone.ActiveCfg = Release|x86
		{17E30024-8DF6-4551-9E38-D816067DF14A}.Release|iPhone.Build.0 = Release|x86
		{17E30024-8DF6-4551-9E38-D816067DF14A}.Release|iPhone.Deploy.0 = Release|x86
		{17E30024-8DF6-4551-9E38-D816067DF14A}.Release|iPhoneSimulator.ActiveCfg = Release|x86
		{17E30024-8DF6-4551-9E38-D816067DF14A}.Release|iPhoneSimulator.Build.0 = Release|x86
		{17E30024-8DF6-4551-9E38-D816067DF14A}.Release|iPhoneSimulator.Deploy.0 = Release|x86
		{17E30024-8DF6-4551-9E38-D816067DF14A}.Release|x64.ActiveCfg = Release|x64
		{17E30024-8DF6-4551-9E38-D816067DF14A}.Release|x64.Build.0 = Release|x64
		{17E30024-8DF6-4551-9E38-D816067DF14A}.Release|x64.Deploy.0 = Release|x64
		{17E30024-8DF6-4551-9E38-D816067DF14A}.Release|x86.ActiveCfg = Release|x86
		{17E30024-8DF6-4551-9E38-D816067DF14A}.Release|x86.Build.0 = Release|x86
		{17E30024-8DF6-4551-9E38-D816067DF14A}.Release|x86.Deploy.0 = Release|x86
		{AB2C7147-46FA-4D7D-867B-0ABD86BB7245}.Debug|Any CPU.ActiveCfg = Debug|Any CPU
		{AB2C7147-46FA-4D7D-867B-0ABD86BB7245}.Debug|Any CPU.Build.0 = Debug|Any CPU
		{AB2C7147-46FA-4D7D-867B-0ABD86BB7245}.Debug|Any CPU.Deploy.0 = Debug|Any CPU
		{AB2C7147-46FA-4D7D-867B-0ABD86BB7245}.Debug|ARM.ActiveCfg = Debug|Any CPU
		{AB2C7147-46FA-4D7D-867B-0ABD86BB7245}.Debug|ARM.Build.0 = Debug|Any CPU
		{AB2C7147-46FA-4D7D-867B-0ABD86BB7245}.Debug|ARM.Deploy.0 = Debug|Any CPU
		{AB2C7147-46FA-4D7D-867B-0ABD86BB7245}.Debug|iPhone.ActiveCfg = Debug|Any CPU
		{AB2C7147-46FA-4D7D-867B-0ABD86BB7245}.Debug|iPhone.Build.0 = Debug|Any CPU
		{AB2C7147-46FA-4D7D-867B-0ABD86BB7245}.Debug|iPhone.Deploy.0 = Debug|Any CPU
		{AB2C7147-46FA-4D7D-867B-0ABD86BB7245}.Debug|iPhoneSimulator.ActiveCfg = Debug|Any CPU
		{AB2C7147-46FA-4D7D-867B-0ABD86BB7245}.Debug|iPhoneSimulator.Build.0 = Debug|Any CPU
		{AB2C7147-46FA-4D7D-867B-0ABD86BB7245}.Debug|iPhoneSimulator.Deploy.0 = Debug|Any CPU
		{AB2C7147-46FA-4D7D-867B-0ABD86BB7245}.Debug|x64.ActiveCfg = Debug|Any CPU
		{AB2C7147-46FA-4D7D-867B-0ABD86BB7245}.Debug|x64.Build.0 = Debug|Any CPU
		{AB2C7147-46FA-4D7D-867B-0ABD86BB7245}.Debug|x64.Deploy.0 = Debug|Any CPU
		{AB2C7147-46FA-4D7D-867B-0ABD86BB7245}.Debug|x86.ActiveCfg = Debug|Any CPU
		{AB2C7147-46FA-4D7D-867B-0ABD86BB7245}.Debug|x86.Build.0 = Debug|Any CPU
		{AB2C7147-46FA-4D7D-867B-0ABD86BB7245}.Debug|x86.Deploy.0 = Debug|Any CPU
		{AB2C7147-46FA-4D7D-867B-0ABD86BB7245}.Release|Any CPU.ActiveCfg = Release|Any CPU
		{AB2C7147-46FA-4D7D-867B-0ABD86BB7245}.Release|Any CPU.Build.0 = Release|Any CPU
		{AB2C7147-46FA-4D7D-867B-0ABD86BB7245}.Release|Any CPU.Deploy.0 = Release|Any CPU
		{AB2C7147-46FA-4D7D-867B-0ABD86BB7245}.Release|ARM.ActiveCfg = Release|Any CPU
		{AB2C7147-46FA-4D7D-867B-0ABD86BB7245}.Release|ARM.Build.0 = Release|Any CPU
		{AB2C7147-46FA-4D7D-867B-0ABD86BB7245}.Release|ARM.Deploy.0 = Release|Any CPU
		{AB2C7147-46FA-4D7D-867B-0ABD86BB7245}.Release|iPhone.ActiveCfg = Release|Any CPU
		{AB2C7147-46FA-4D7D-867B-0ABD86BB7245}.Release|iPhone.Build.0 = Release|Any CPU
		{AB2C7147-46FA-4D7D-867B-0ABD86BB7245}.Release|iPhone.Deploy.0 = Release|Any CPU
		{AB2C7147-46FA-4D7D-867B-0ABD86BB7245}.Release|iPhoneSimulator.ActiveCfg = Release|Any CPU
		{AB2C7147-46FA-4D7D-867B-0ABD86BB7245}.Release|iPhoneSimulator.Build.0 = Release|Any CPU
		{AB2C7147-46FA-4D7D-867B-0ABD86BB7245}.Release|iPhoneSimulator.Deploy.0 = Release|Any CPU
		{AB2C7147-46FA-4D7D-867B-0ABD86BB7245}.Release|x64.ActiveCfg = Release|Any CPU
		{AB2C7147-46FA-4D7D-867B-0ABD86BB7245}.Release|x64.Build.0 = Release|Any CPU
		{AB2C7147-46FA-4D7D-867B-0ABD86BB7245}.Release|x64.Deploy.0 = Release|Any CPU
		{AB2C7147-46FA-4D7D-867B-0ABD86BB7245}.Release|x86.ActiveCfg = Release|Any CPU
		{AB2C7147-46FA-4D7D-867B-0ABD86BB7245}.Release|x86.Build.0 = Release|Any CPU
		{AB2C7147-46FA-4D7D-867B-0ABD86BB7245}.Release|x86.Deploy.0 = Release|Any CPU
		{55B2A156-BBD9-46A2-BD5D-DA31DD49ED19}.Debug|Any CPU.ActiveCfg = Debug|iPhoneSimulator
		{55B2A156-BBD9-46A2-BD5D-DA31DD49ED19}.Debug|Any CPU.Build.0 = Debug|iPhoneSimulator
		{55B2A156-BBD9-46A2-BD5D-DA31DD49ED19}.Debug|Any CPU.Deploy.0 = Debug|iPhoneSimulator
		{55B2A156-BBD9-46A2-BD5D-DA31DD49ED19}.Debug|ARM.ActiveCfg = Debug|iPhone
		{55B2A156-BBD9-46A2-BD5D-DA31DD49ED19}.Debug|ARM.Build.0 = Debug|iPhone
		{55B2A156-BBD9-46A2-BD5D-DA31DD49ED19}.Debug|ARM.Deploy.0 = Debug|iPhone
		{55B2A156-BBD9-46A2-BD5D-DA31DD49ED19}.Debug|iPhone.ActiveCfg = Debug|iPhone
		{55B2A156-BBD9-46A2-BD5D-DA31DD49ED19}.Debug|iPhone.Build.0 = Debug|iPhone
		{55B2A156-BBD9-46A2-BD5D-DA31DD49ED19}.Debug|iPhone.Deploy.0 = Debug|iPhone
		{55B2A156-BBD9-46A2-BD5D-DA31DD49ED19}.Debug|iPhoneSimulator.ActiveCfg = Debug|iPhoneSimulator
		{55B2A156-BBD9-46A2-BD5D-DA31DD49ED19}.Debug|iPhoneSimulator.Build.0 = Debug|iPhoneSimulator
		{55B2A156-BBD9-46A2-BD5D-DA31DD49ED19}.Debug|iPhoneSimulator.Deploy.0 = Debug|iPhoneSimulator
		{55B2A156-BBD9-46A2-BD5D-DA31DD49ED19}.Debug|x64.ActiveCfg = Debug|iPhoneSimulator
		{55B2A156-BBD9-46A2-BD5D-DA31DD49ED19}.Debug|x64.Build.0 = Debug|iPhoneSimulator
		{55B2A156-BBD9-46A2-BD5D-DA31DD49ED19}.Debug|x64.Deploy.0 = Debug|iPhoneSimulator
		{55B2A156-BBD9-46A2-BD5D-DA31DD49ED19}.Debug|x86.ActiveCfg = Debug|iPhoneSimulator
		{55B2A156-BBD9-46A2-BD5D-DA31DD49ED19}.Debug|x86.Build.0 = Debug|iPhoneSimulator
		{55B2A156-BBD9-46A2-BD5D-DA31DD49ED19}.Debug|x86.Deploy.0 = Debug|iPhoneSimulator
		{55B2A156-BBD9-46A2-BD5D-DA31DD49ED19}.Release|Any CPU.ActiveCfg = Release|iPhoneSimulator
		{55B2A156-BBD9-46A2-BD5D-DA31DD49ED19}.Release|Any CPU.Build.0 = Release|iPhoneSimulator
		{55B2A156-BBD9-46A2-BD5D-DA31DD49ED19}.Release|Any CPU.Deploy.0 = Release|iPhoneSimulator
		{55B2A156-BBD9-46A2-BD5D-DA31DD49ED19}.Release|ARM.ActiveCfg = Release|iPhoneSimulator
		{55B2A156-BBD9-46A2-BD5D-DA31DD49ED19}.Release|ARM.Build.0 = Release|iPhoneSimulator
		{55B2A156-BBD9-46A2-BD5D-DA31DD49ED19}.Release|ARM.Deploy.0 = Release|iPhoneSimulator
		{55B2A156-BBD9-46A2-BD5D-DA31DD49ED19}.Release|iPhone.ActiveCfg = Release|iPhone
		{55B2A156-BBD9-46A2-BD5D-DA31DD49ED19}.Release|iPhone.Build.0 = Release|iPhone
		{55B2A156-BBD9-46A2-BD5D-DA31DD49ED19}.Release|iPhone.Deploy.0 = Release|iPhone
		{55B2A156-BBD9-46A2-BD5D-DA31DD49ED19}.Release|iPhoneSimulator.ActiveCfg = Release|iPhoneSimulator
		{55B2A156-BBD9-46A2-BD5D-DA31DD49ED19}.Release|iPhoneSimulator.Build.0 = Release|iPhoneSimulator
		{55B2A156-BBD9-46A2-BD5D-DA31DD49ED19}.Release|iPhoneSimulator.Deploy.0 = Release|iPhoneSimulator
		{55B2A156-BBD9-46A2-BD5D-DA31DD49ED19}.Release|x64.ActiveCfg = Release|iPhoneSimulator
		{55B2A156-BBD9-46A2-BD5D-DA31DD49ED19}.Release|x64.Build.0 = Release|iPhoneSimulator
		{55B2A156-BBD9-46A2-BD5D-DA31DD49ED19}.Release|x64.Deploy.0 = Release|iPhoneSimulator
		{55B2A156-BBD9-46A2-BD5D-DA31DD49ED19}.Release|x86.ActiveCfg = Release|iPhoneSimulator
		{55B2A156-BBD9-46A2-BD5D-DA31DD49ED19}.Release|x86.Build.0 = Release|iPhoneSimulator
		{55B2A156-BBD9-46A2-BD5D-DA31DD49ED19}.Release|x86.Deploy.0 = Release|iPhoneSimulator
		{A88F8315-57C4-426A-B908-DF8F73CB14E0}.Debug|Any CPU.ActiveCfg = Debug|Any CPU
		{A88F8315-57C4-426A-B908-DF8F73CB14E0}.Debug|Any CPU.Build.0 = Debug|Any CPU
		{A88F8315-57C4-426A-B908-DF8F73CB14E0}.Debug|Any CPU.Deploy.0 = Debug|Any CPU
		{A88F8315-57C4-426A-B908-DF8F73CB14E0}.Debug|ARM.ActiveCfg = Debug|Any CPU
		{A88F8315-57C4-426A-B908-DF8F73CB14E0}.Debug|ARM.Build.0 = Debug|Any CPU
		{A88F8315-57C4-426A-B908-DF8F73CB14E0}.Debug|ARM.Deploy.0 = Debug|Any CPU
		{A88F8315-57C4-426A-B908-DF8F73CB14E0}.Debug|iPhone.ActiveCfg = Debug|Any CPU
		{A88F8315-57C4-426A-B908-DF8F73CB14E0}.Debug|iPhone.Build.0 = Debug|Any CPU
		{A88F8315-57C4-426A-B908-DF8F73CB14E0}.Debug|iPhone.Deploy.0 = Debug|Any CPU
		{A88F8315-57C4-426A-B908-DF8F73CB14E0}.Debug|iPhoneSimulator.ActiveCfg = Debug|Any CPU
		{A88F8315-57C4-426A-B908-DF8F73CB14E0}.Debug|iPhoneSimulator.Build.0 = Debug|Any CPU
		{A88F8315-57C4-426A-B908-DF8F73CB14E0}.Debug|iPhoneSimulator.Deploy.0 = Debug|Any CPU
		{A88F8315-57C4-426A-B908-DF8F73CB14E0}.Debug|x64.ActiveCfg = Debug|Any CPU
		{A88F8315-57C4-426A-B908-DF8F73CB14E0}.Debug|x64.Build.0 = Debug|Any CPU
		{A88F8315-57C4-426A-B908-DF8F73CB14E0}.Debug|x64.Deploy.0 = Debug|Any CPU
		{A88F8315-57C4-426A-B908-DF8F73CB14E0}.Debug|x86.ActiveCfg = Debug|Any CPU
		{A88F8315-57C4-426A-B908-DF8F73CB14E0}.Debug|x86.Build.0 = Debug|Any CPU
		{A88F8315-57C4-426A-B908-DF8F73CB14E0}.Debug|x86.Deploy.0 = Debug|Any CPU
		{A88F8315-57C4-426A-B908-DF8F73CB14E0}.Release|Any CPU.ActiveCfg = Release|Any CPU
		{A88F8315-57C4-426A-B908-DF8F73CB14E0}.Release|Any CPU.Build.0 = Release|Any CPU
		{A88F8315-57C4-426A-B908-DF8F73CB14E0}.Release|Any CPU.Deploy.0 = Release|Any CPU
		{A88F8315-57C4-426A-B908-DF8F73CB14E0}.Release|ARM.ActiveCfg = Release|Any CPU
		{A88F8315-57C4-426A-B908-DF8F73CB14E0}.Release|ARM.Build.0 = Release|Any CPU
		{A88F8315-57C4-426A-B908-DF8F73CB14E0}.Release|ARM.Deploy.0 = Release|Any CPU
		{A88F8315-57C4-426A-B908-DF8F73CB14E0}.Release|iPhone.ActiveCfg = Release|Any CPU
		{A88F8315-57C4-426A-B908-DF8F73CB14E0}.Release|iPhone.Build.0 = Release|Any CPU
		{A88F8315-57C4-426A-B908-DF8F73CB14E0}.Release|iPhone.Deploy.0 = Release|Any CPU
		{A88F8315-57C4-426A-B908-DF8F73CB14E0}.Release|iPhoneSimulator.ActiveCfg = Release|Any CPU
		{A88F8315-57C4-426A-B908-DF8F73CB14E0}.Release|iPhoneSimulator.Build.0 = Release|Any CPU
		{A88F8315-57C4-426A-B908-DF8F73CB14E0}.Release|iPhoneSimulator.Deploy.0 = Release|Any CPU
		{A88F8315-57C4-426A-B908-DF8F73CB14E0}.Release|x64.ActiveCfg = Release|Any CPU
		{A88F8315-57C4-426A-B908-DF8F73CB14E0}.Release|x64.Build.0 = Release|Any CPU
		{A88F8315-57C4-426A-B908-DF8F73CB14E0}.Release|x64.Deploy.0 = Release|Any CPU
		{A88F8315-57C4-426A-B908-DF8F73CB14E0}.Release|x86.ActiveCfg = Release|Any CPU
		{A88F8315-57C4-426A-B908-DF8F73CB14E0}.Release|x86.Build.0 = Release|Any CPU
		{A88F8315-57C4-426A-B908-DF8F73CB14E0}.Release|x86.Deploy.0 = Release|Any CPU
	EndGlobalSection
	GlobalSection(SolutionProperties) = preSolution
		HideSolutionNode = FALSE
	EndGlobalSection
	GlobalSection(ExtensibilityGlobals) = postSolution
		SolutionGuid = {60A6E909-CE69-4F34-A5CF-FE9584B28CC5}
	EndGlobalSection
EndGlobal
